{
	"name": "cyber-interface",
	"version": "1.0.0",
	"lockfileVersion": 2,
	"requires": true,
	"packages": {
		"": {
			"name": "cyber-interface",
			"version": "1.0.0",
			"license": "ISC",
			"dependencies": {
				"ste-simple-events": "^2.1.16"
			},
			"devDependencies": {
				"typescript": "^4.9.5"
			}
		},
		"node_modules/ste-core": {
			"version": "2.1.16",
			"resolved": "https://registry.npmjs.org/ste-core/-/ste-core-2.1.16.tgz",
			"integrity": "sha512-GgwwDFSDWbS2Ps1QliUHJPXeomvwZFfG5B10ggp+INmBD618MxwbA1qwFXdXjYGaS8JfiEC6NlpT3fp9PwfNHw==",
			"engines": {
				"node": ">=4.2.4"
			}
		},
		"node_modules/ste-simple-events": {
			"version": "2.1.16",
			"resolved": "https://registry.npmjs.org/ste-simple-events/-/ste-simple-events-2.1.16.tgz",
			"integrity": "sha512-B4gdrRg9jnbJE8sICjbx9NFb04KJn1WYWiXoon/YsD+3DWii4XyE3rMU6ZeJI6GG2s9mNExloNZMGcC9zSKh8A==",
			"dependencies": {
				"ste-core": "^2.1.16"
			},
			"engines": {
				"node": ">=4.2.4"
			}
		},
		"node_modules/typescript": {
			"version": "4.9.5",
			"resolved": "https://registry.npmjs.org/typescript/-/typescript-4.9.5.tgz",
			"integrity": "sha512-1FXk9E2Hm+QzZQ7z+McJiHL4NW1F2EzMu9Nq9i3zAaGqibafqYwCVU6WyWAuyQRRzOlxou8xZSyXLEN8oKj24g==",
			"dev": true,
			"bin": {
				"tsc": "bin/tsc",
				"tsserver": "bin/tsserver"
			},
			"engines": {
				"node": ">=4.2.0"
			}
		}
	},
	"dependencies": {
		"ste-core": {
			"version": "2.1.16",
			"resolved": "https://registry.npmjs.org/ste-core/-/ste-core-2.1.16.tgz",
			"integrity": "sha512-GgwwDFSDWbS2Ps1QliUHJPXeomvwZFfG5B10ggp+INmBD618MxwbA1qwFXdXjYGaS8JfiEC6NlpT3fp9PwfNHw=="
		},
		"ste-simple-events": {
			"version": "2.1.16",
			"resolved": "https://registry.npmjs.org/ste-simple-events/-/ste-simple-events-2.1.16.tgz",
			"integrity": "sha512-B4gdrRg9jnbJE8sICjbx9NFb04KJn1WYWiXoon/YsD+3DWii4XyE3rMU6ZeJI6GG2s9mNExloNZMGcC9zSKh8A==",
			"requires": {
				"ste-core": "^2.1.16"
			}
		},
		"typescript": {
			"version": "4.9.5",
			"resolved": "https://registry.npmjs.org/typescript/-/typescript-4.9.5.tgz",
			"integrity": "sha512-1FXk9E2Hm+QzZQ7z+McJiHL4NW1F2EzMu9Nq9i3zAaGqibafqYwCVU6WyWAuyQRRzOlxou8xZSyXLEN8oKj24g==",
			"dev": true
		}
	}
}
