{
	"name": "cyber-interface",
	"version": "1.0.0",
	"lockfileVersion": 2,
	"requires": true,
	"packages": {
		"": {
			"name": "cyber-interface",
			"version": "1.0.0",
			"license": "ISC",
			"dependencies": {
				"ste-simple-events": "^2.1.16"
			},
			"devDependencies": {
				"typescript": "^4.9.5"
			}
		},
		"node_modules/ste-core": {
			"version": "2.1.16",
			"license": "MIT",
			"engines": {
				"node": ">=4.2.4"
			}
		},
		"node_modules/ste-simple-events": {
			"version": "2.1.16",
			"license": "MIT",
			"dependencies": {
				"ste-core": "^2.1.16"
			},
			"engines": {
				"node": ">=4.2.4"
			}
		},
		"node_modules/typescript": {
			"version": "4.9.5",
			"dev": true,
			"license": "Apache-2.0",
			"bin": {
				"tsc": "bin/tsc",
				"tsserver": "bin/tsserver"
			},
			"engines": {
				"node": ">=4.2.0"
			}
		}
	},
	"dependencies": {
		"ste-core": {
			"version": "2.1.16"
		},
		"ste-simple-events": {
			"version": "2.1.16",
			"requires": {
				"ste-core": "^2.1.16"
			}
		},
		"typescript": {
			"version": "4.9.5",
			"dev": true
		}
	}
}
